
Microsoft Visual Studio Solution File, Format Version 12.00
# Visual Studio Version 17
VisualStudioVersion = 17.10.35122.118
MinimumVisualStudioVersion = 10.0.40219.1
Project("{9A19103F-16F7-4668-BE54-9A1E7A4F7556}") = "HotelElCielo.Web", "HotelElCielo.Web\HotelElCielo.Web.csproj", "{42B749D6-820D-409D-BDC3-30D4E9E861AE}"
EndProject
Project("{9A19103F-16F7-4668-BE54-9A1E7A4F7556}") = "HotelElCielo.Domain", "HotelElCielo.Domain\HotelElCielo.Domain.csproj", "{9CE01E43-41AB-4F86-B194-1FC83EE9B07F}"
EndProject
Project("{9A19103F-16F7-4668-BE54-9A1E7A4F7556}") = "HotelElCielo.Infrastructure", "HotelElCielo.Infrastructure\HotelElCielo.Infrastructure.csproj", "{2F3102E7-4424-4103-8037-AB429F9CEF25}"
EndProject
Project("{FAE04EC0-301F-11D3-BF4B-00C04F79EFBC}") = "HotelElCielo.Repositories", "HotelElCielo.Repositories\HotelElCielo.Repositories.csproj", "{924738AA-2CD1-40FB-948B-96F0A27C3C5E}"
EndProject
Project("{FAE04EC0-301F-11D3-BF4B-00C04F79EFBC}") = "HotelElCielo.Utilities", "HotelElCielo.Utilities\HotelElCielo.Utilities.csproj", "{C86C1DB3-3701-4C3A-A182-DD9D46A4B01C}"
EndProject
Global
	GlobalSection(SolutionConfigurationPlatforms) = preSolution
		Debug|Any CPU = Debug|Any CPU
		Release|Any CPU = Release|Any CPU
	EndGlobalSection
	GlobalSection(ProjectConfigurationPlatforms) = postSolution
		{42B749D6-820D-409D-BDC3-30D4E9E861AE}.Debug|Any CPU.ActiveCfg = Debug|Any CPU
		{42B749D6-820D-409D-BDC3-30D4E9E861AE}.Debug|Any CPU.Build.0 = Debug|Any CPU
		{42B749D6-820D-409D-BDC3-30D4E9E861AE}.Release|Any CPU.ActiveCfg = Release|Any CPU
		{42B749D6-820D-409D-BDC3-30D4E9E861AE}.Release|Any CPU.Build.0 = Release|Any CPU
		{9CE01E43-41AB-4F86-B194-1FC83EE9B07F}.Debug|Any CPU.ActiveCfg = Debug|Any CPU
		{9CE01E43-41AB-4F86-B194-1FC83EE9B07F}.Debug|Any CPU.Build.0 = Debug|Any CPU
		{9CE01E43-41AB-4F86-B194-1FC83EE9B07F}.Release|Any CPU.ActiveCfg = Release|Any CPU
		{9CE01E43-41AB-4F86-B194-1FC83EE9B07F}.Release|Any CPU.Build.0 = Release|Any CPU
		{2F3102E7-4424-4103-8037-AB429F9CEF25}.Debug|Any CPU.ActiveCfg = Debug|Any CPU
		{2F3102E7-4424-4103-8037-AB429F9CEF25}.Debug|Any CPU.Build.0 = Debug|Any CPU
		{2F3102E7-4424-4103-8037-AB429F9CEF25}.Release|Any CPU.ActiveCfg = Release|Any CPU
		{2F3102E7-4424-4103-8037-AB429F9CEF25}.Release|Any CPU.Build.0 = Release|Any CPU
		{924738AA-2CD1-40FB-948B-96F0A27C3C5E}.Debug|Any CPU.ActiveCfg = Debug|Any CPU
		{924738AA-2CD1-40FB-948B-96F0A27C3C5E}.Debug|Any CPU.Build.0 = Debug|Any CPU
		{924738AA-2CD1-40FB-948B-96F0A27C3C5E}.Release|Any CPU.ActiveCfg = Release|Any CPU
		{924738AA-2CD1-40FB-948B-96F0A27C3C5E}.Release|Any CPU.Build.0 = Release|Any CPU
		{C86C1DB3-3701-4C3A-A182-DD9D46A4B01C}.Debug|Any CPU.ActiveCfg = Debug|Any CPU
		{C86C1DB3-3701-4C3A-A182-DD9D46A4B01C}.Debug|Any CPU.Build.0 = Debug|Any CPU
		{C86C1DB3-3701-4C3A-A182-DD9D46A4B01C}.Release|Any CPU.ActiveCfg = Release|Any CPU
		{C86C1DB3-3701-4C3A-A182-DD9D46A4B01C}.Release|Any CPU.Build.0 = Release|Any CPU
	EndGlobalSection
	GlobalSection(SolutionProperties) = preSolution
		HideSolutionNode = FALSE
	EndGlobalSection
	GlobalSection(ExtensibilityGlobals) = postSolution
		SolutionGuid = {A8334F08-3D18-477F-BC7F-21E435A94FBE}
	EndGlobalSection
EndGlobal
